{
  "requires": true,
  "lockfileVersion": 1,
  "dependencies": {
    "nosleep.js": {
      "version": "0.12.0",
      "resolved": "https://registry.npmjs.org/nosleep.js/-/nosleep.js-0.12.0.tgz",
      "integrity": "sha512-9d1HbpKLh3sdWlhXMhU6MMH+wQzKkrgfRkYV0EBdvt99YJfj0ilCJrWRDYG2130Tm4GXbEoTCx5b34JSaP+HhA=="
    }
  }
}
